# This file is automatically @generated by Cargo.
# It is not intended for manual editing.
version = 3

[[package]]
name = "data"
version = "0.0.0"

[[package]]
name = "raw"
version = "0.0.0"
dependencies = [
 "data",
 "tiff_reader",
]

[[package]]
name = "tiff_reader"
version = "0.0.0"
dependencies = [
 "data",
]
